
Microsoft Visual Studio Solution File, Format Version 12.00
# Visual Studio 15
VisualStudioVersion = 15.0.27703.2042
MinimumVisualStudioVersion = 10.0.40219.1
Project("{FAE04EC0-301F-11D3-BF4B-00C04F79EFBC}") = "Bank Software", "Bank Software\Bank Software.csproj", "{2BEC2D59-09C1-4F67-B676-0871E76A4833}"
EndProject
Global
	GlobalSection(SolutionConfigurationPlatforms) = preSolution
		Debug|Any CPU = Debug|Any CPU
		Release|Any CPU = Release|Any CPU
	EndGlobalSection
	GlobalSection(ProjectConfigurationPlatforms) = postSolution
		{2BEC2D59-09C1-4F67-B676-0871E76A4833}.Debug|Any CPU.ActiveCfg = Debug|Any CPU
		{2BEC2D59-09C1-4F67-B676-0871E76A4833}.Debug|Any CPU.Build.0 = Debug|Any CPU
		{2BEC2D59-09C1-4F67-B676-0871E76A4833}.Release|Any CPU.ActiveCfg = Release|Any CPU
		{2BEC2D59-09C1-4F67-B676-0871E76A4833}.Release|Any CPU.Build.0 = Release|Any CPU
	EndGlobalSection
	GlobalSection(SolutionProperties) = preSolution
		HideSolutionNode = FALSE
	EndGlobalSection
	GlobalSection(ExtensibilityGlobals) = postSolution
		SolutionGuid = {45102339-F81D-4864-9C0C-958247AB2BA1}
	EndGlobalSection
EndGlobal
